// !$*UTF8*$!
{
	archiveVersion = 1;
	classes = {
	};
	objectVersion = 46;
	objects = {

/* Begin PBXBuildFile section */
		111A94B81B16BE78008770DC /* Rec.framework in CopyFiles */ = {isa = PBXBuildFile; fileRef = 119B82891AFC18C0000A8BBF /* Rec.framework */; settings = {ATTRIBUTES = (RemoveHeadersOnCopy, ); }; };
		112A4E761B167FCB002B3A46 /* Quick.framework in Frameworks */ = {isa = PBXBuildFile; fileRef = 112A4E751B167FCB002B3A46 /* Quick.framework */; };
		112A4E791B168043002B3A46 /* Rect-Tests.swift in Sources */ = {isa = PBXBuildFile; fileRef = 112A4E781B168043002B3A46 /* Rect-Tests.swift */; };
		112A4E7B1B1682CF002B3A46 /* Nimble.framework in Frameworks */ = {isa = PBXBuildFile; fileRef = 112A4E7A1B1682CF002B3A46 /* Nimble.framework */; };
		114C484C1B01A3B200463FCD /* Box.framework in Frameworks */ = {isa = PBXBuildFile; fileRef = 114C484A1B01A3B200463FCD /* Box.framework */; };
		114C484D1B01A3B200463FCD /* Result.framework in Frameworks */ = {isa = PBXBuildFile; fileRef = 114C484B1B01A3B200463FCD /* Result.framework */; };
		116DF07A1B16955D005C9A1E /* Rect-Tests.swift in Sources */ = {isa = PBXBuildFile; fileRef = 112A4E781B168043002B3A46 /* Rect-Tests.swift */; };
		116DF07C1B1695AC005C9A1E /* Quick.framework in Frameworks */ = {isa = PBXBuildFile; fileRef = 116DF07B1B1695AC005C9A1E /* Quick.framework */; };
		116DF07E1B1695C6005C9A1E /* Nimble.framework in Frameworks */ = {isa = PBXBuildFile; fileRef = 116DF07D1B1695C6005C9A1E /* Nimble.framework */; };
		119B828F1AFC18C0000A8BBF /* Rec.h in Headers */ = {isa = PBXBuildFile; fileRef = 119B828E1AFC18C0000A8BBF /* Rec.h */; settings = {ATTRIBUTES = (Public, ); }; };
		119B82951AFC18C0000A8BBF /* Rec.framework in Frameworks */ = {isa = PBXBuildFile; fileRef = 119B82891AFC18C0000A8BBF /* Rec.framework */; };
		119B82A61AFC1915000A8BBF /* RecProtocol.swift in Sources */ = {isa = PBXBuildFile; fileRef = 119B82A51AFC1915000A8BBF /* RecProtocol.swift */; };
		119B82E31AFC6C2B000A8BBF /* Rec_NSURLSessionConfiguration.swift in Sources */ = {isa = PBXBuildFile; fileRef = 119B82E21AFC6C2B000A8BBF /* Rec_NSURLSessionConfiguration.swift */; };
		11A8162E1B05609C0072B8D7 /* Rec.framework in Frameworks */ = {isa = PBXBuildFile; fileRef = 11A816231B05609B0072B8D7 /* Rec.framework */; };
		11A8163C1B0560A90072B8D7 /* RecProtocol.swift in Sources */ = {isa = PBXBuildFile; fileRef = 119B82A51AFC1915000A8BBF /* RecProtocol.swift */; };
		11A8163D1B0560A90072B8D7 /* Rec_NSURLSessionConfiguration.swift in Sources */ = {isa = PBXBuildFile; fileRef = 119B82E21AFC6C2B000A8BBF /* Rec_NSURLSessionConfiguration.swift */; };
		11A816411B0561070072B8D7 /* Box.framework in Frameworks */ = {isa = PBXBuildFile; fileRef = 11A8163F1B0561070072B8D7 /* Box.framework */; };
		11A816421B0561070072B8D7 /* Result.framework in Frameworks */ = {isa = PBXBuildFile; fileRef = 11A816401B0561070072B8D7 /* Result.framework */; };
		11A816431B0561B70072B8D7 /* Rec.h in Headers */ = {isa = PBXBuildFile; fileRef = 119B828E1AFC18C0000A8BBF /* Rec.h */; settings = {ATTRIBUTES = (Public, ); }; };
/* End PBXBuildFile section */

/* Begin PBXContainerItemProxy section */
		119B82961AFC18C0000A8BBF /* PBXContainerItemProxy */ = {
			isa = PBXContainerItemProxy;
			containerPortal = 119B82801AFC18C0000A8BBF /* Project object */;
			proxyType = 1;
			remoteGlobalIDString = 119B82881AFC18C0000A8BBF;
			remoteInfo = Rec;
		};
		11A8162F1B05609C0072B8D7 /* PBXContainerItemProxy */ = {
			isa = PBXContainerItemProxy;
			containerPortal = 119B82801AFC18C0000A8BBF /* Project object */;
			proxyType = 1;
			remoteGlobalIDString = 11A816221B05609B0072B8D7;
			remoteInfo = "Rec-OSX";
		};
/* End PBXContainerItemProxy section */

/* Begin PBXCopyFilesBuildPhase section */
		111A94B71B16BE57008770DC /* CopyFiles */ = {
			isa = PBXCopyFilesBuildPhase;
			buildActionMask = 2147483647;
			dstPath = "";
			dstSubfolderSpec = 10;
			files = (
				111A94B81B16BE78008770DC /* Rec.framework in CopyFiles */,
			);
			runOnlyForDeploymentPostprocessing = 0;
		};
/* End PBXCopyFilesBuildPhase section */

/* Begin PBXFileReference section */
		112A4E751B167FCB002B3A46 /* Quick.framework */ = {isa = PBXFileReference; lastKnownFileType = wrapper.framework; name = Quick.framework; path = "Carthage/Checkouts/Quick/build/Debug-iphoneos/Quick.framework"; sourceTree = "<group>"; };
		112A4E771B168042002B3A46 /* RecTests-Bridging-Header.h */ = {isa = PBXFileReference; lastKnownFileType = sourcecode.c.h; path = "RecTests-Bridging-Header.h"; sourceTree = "<group>"; };
		112A4E781B168043002B3A46 /* Rect-Tests.swift */ = {isa = PBXFileReference; fileEncoding = 4; lastKnownFileType = sourcecode.swift; path = "Rect-Tests.swift"; sourceTree = "<group>"; };
		112A4E7A1B1682CF002B3A46 /* Nimble.framework */ = {isa = PBXFileReference; lastKnownFileType = wrapper.framework; name = Nimble.framework; path = "Carthage/Checkouts/Quick/Externals/Nimble/build/Debug-iphoneos/Nimble.framework"; sourceTree = "<group>"; };
		114C484A1B01A3B200463FCD /* Box.framework */ = {isa = PBXFileReference; lastKnownFileType = wrapper.framework; name = Box.framework; path = "Carthage/Checkouts/Result/Carthage/Checkouts/Box/build/Debug-iphoneos/Box.framework"; sourceTree = "<group>"; };
		114C484B1B01A3B200463FCD /* Result.framework */ = {isa = PBXFileReference; lastKnownFileType = wrapper.framework; name = Result.framework; path = "Carthage/Checkouts/Result/build/Debug-iphoneos/Result.framework"; sourceTree = "<group>"; };
		116DF07B1B1695AC005C9A1E /* Quick.framework */ = {isa = PBXFileReference; lastKnownFileType = wrapper.framework; name = Quick.framework; path = Carthage/Checkouts/Quick/build/Debug/Quick.framework; sourceTree = "<group>"; };
		116DF07D1B1695C6005C9A1E /* Nimble.framework */ = {isa = PBXFileReference; lastKnownFileType = wrapper.framework; name = Nimble.framework; path = Carthage/Checkouts/Quick/Externals/Nimble/build/Debug/Nimble.framework; sourceTree = "<group>"; };
		119B82891AFC18C0000A8BBF /* Rec.framework */ = {isa = PBXFileReference; explicitFileType = wrapper.framework; includeInIndex = 0; path = Rec.framework; sourceTree = BUILT_PRODUCTS_DIR; };
		119B828D1AFC18C0000A8BBF /* Info.plist */ = {isa = PBXFileReference; lastKnownFileType = text.plist.xml; path = Info.plist; sourceTree = "<group>"; };
		119B828E1AFC18C0000A8BBF /* Rec.h */ = {isa = PBXFileReference; lastKnownFileType = sourcecode.c.h; path = Rec.h; sourceTree = "<group>"; };
		119B82941AFC18C0000A8BBF /* RecTests.xctest */ = {isa = PBXFileReference; explicitFileType = wrapper.cfbundle; includeInIndex = 0; path = RecTests.xctest; sourceTree = BUILT_PRODUCTS_DIR; };
		119B829A1AFC18C0000A8BBF /* Info.plist */ = {isa = PBXFileReference; lastKnownFileType = text.plist.xml; path = Info.plist; sourceTree = "<group>"; };
		119B82A51AFC1915000A8BBF /* RecProtocol.swift */ = {isa = PBXFileReference; fileEncoding = 4; lastKnownFileType = sourcecode.swift; path = RecProtocol.swift; sourceTree = "<group>"; };
		119B82E21AFC6C2B000A8BBF /* Rec_NSURLSessionConfiguration.swift */ = {isa = PBXFileReference; fileEncoding = 4; lastKnownFileType = sourcecode.swift; path = Rec_NSURLSessionConfiguration.swift; sourceTree = "<group>"; };
		11A816231B05609B0072B8D7 /* Rec.framework */ = {isa = PBXFileReference; explicitFileType = wrapper.framework; includeInIndex = 0; path = Rec.framework; sourceTree = BUILT_PRODUCTS_DIR; };
		11A8162D1B05609B0072B8D7 /* Rec-OSXTests.xctest */ = {isa = PBXFileReference; explicitFileType = wrapper.cfbundle; includeInIndex = 0; path = "Rec-OSXTests.xctest"; sourceTree = BUILT_PRODUCTS_DIR; };
		11A8163F1B0561070072B8D7 /* Box.framework */ = {isa = PBXFileReference; lastKnownFileType = wrapper.framework; name = Box.framework; path = Carthage/Checkouts/Result/Carthage/Checkouts/Box/build/Debug/Box.framework; sourceTree = "<group>"; };
		11A816401B0561070072B8D7 /* Result.framework */ = {isa = PBXFileReference; lastKnownFileType = wrapper.framework; name = Result.framework; path = Carthage/Checkouts/Result/build/Debug/Result.framework; sourceTree = "<group>"; };
/* End PBXFileReference section */

/* Begin PBXFrameworksBuildPhase section */
		119B82851AFC18C0000A8BBF /* Frameworks */ = {
			isa = PBXFrameworksBuildPhase;
			buildActionMask = 2147483647;
			files = (
				114C484C1B01A3B200463FCD /* Box.framework in Frameworks */,
				114C484D1B01A3B200463FCD /* Result.framework in Frameworks */,
			);
			runOnlyForDeploymentPostprocessing = 0;
		};
		119B82911AFC18C0000A8BBF /* Frameworks */ = {
			isa = PBXFrameworksBuildPhase;
			buildActionMask = 2147483647;
			files = (
				112A4E7B1B1682CF002B3A46 /* Nimble.framework in Frameworks */,
				112A4E761B167FCB002B3A46 /* Quick.framework in Frameworks */,
				119B82951AFC18C0000A8BBF /* Rec.framework in Frameworks */,
			);
			runOnlyForDeploymentPostprocessing = 0;
		};
		11A8161F1B05609B0072B8D7 /* Frameworks */ = {
			isa = PBXFrameworksBuildPhase;
			buildActionMask = 2147483647;
			files = (
				11A816411B0561070072B8D7 /* Box.framework in Frameworks */,
				11A816421B0561070072B8D7 /* Result.framework in Frameworks */,
			);
			runOnlyForDeploymentPostprocessing = 0;
		};
		11A8162A1B05609B0072B8D7 /* Frameworks */ = {
			isa = PBXFrameworksBuildPhase;
			buildActionMask = 2147483647;
			files = (
				116DF07E1B1695C6005C9A1E /* Nimble.framework in Frameworks */,
				116DF07C1B1695AC005C9A1E /* Quick.framework in Frameworks */,
				11A8162E1B05609C0072B8D7 /* Rec.framework in Frameworks */,
			);
			runOnlyForDeploymentPostprocessing = 0;
		};
/* End PBXFrameworksBuildPhase section */

/* Begin PBXGroup section */
		119B827F1AFC18C0000A8BBF = {
			isa = PBXGroup;
			children = (
				119B828B1AFC18C0000A8BBF /* Rec */,
				119B82981AFC18C0000A8BBF /* RecTests */,
				119B828A1AFC18C0000A8BBF /* Products */,
				40757067DF242929D0DAAD41 /* Frameworks */,
			);
			sourceTree = "<group>";
		};
		119B828A1AFC18C0000A8BBF /* Products */ = {
			isa = PBXGroup;
			children = (
				119B82891AFC18C0000A8BBF /* Rec.framework */,
				119B82941AFC18C0000A8BBF /* RecTests.xctest */,
				11A816231B05609B0072B8D7 /* Rec.framework */,
				11A8162D1B05609B0072B8D7 /* Rec-OSXTests.xctest */,
			);
			name = Products;
			sourceTree = "<group>";
		};
		119B828B1AFC18C0000A8BBF /* Rec */ = {
			isa = PBXGroup;
			children = (
				119B828E1AFC18C0000A8BBF /* Rec.h */,
				119B82A51AFC1915000A8BBF /* RecProtocol.swift */,
				119B82E21AFC6C2B000A8BBF /* Rec_NSURLSessionConfiguration.swift */,
				119B828C1AFC18C0000A8BBF /* Supporting Files */,
			);
			path = Rec;
			sourceTree = "<group>";
		};
		119B828C1AFC18C0000A8BBF /* Supporting Files */ = {
			isa = PBXGroup;
			children = (
				119B828D1AFC18C0000A8BBF /* Info.plist */,
			);
			name = "Supporting Files";
			sourceTree = "<group>";
		};
		119B82981AFC18C0000A8BBF /* RecTests */ = {
			isa = PBXGroup;
			children = (
				119B82991AFC18C0000A8BBF /* Supporting Files */,
				112A4E781B168043002B3A46 /* Rect-Tests.swift */,
				112A4E771B168042002B3A46 /* RecTests-Bridging-Header.h */,
			);
			path = RecTests;
			sourceTree = "<group>";
		};
		119B82991AFC18C0000A8BBF /* Supporting Files */ = {
			isa = PBXGroup;
			children = (
				119B829A1AFC18C0000A8BBF /* Info.plist */,
			);
			name = "Supporting Files";
			sourceTree = "<group>";
		};
		40757067DF242929D0DAAD41 /* Frameworks */ = {
			isa = PBXGroup;
			children = (
				116DF07D1B1695C6005C9A1E /* Nimble.framework */,
				116DF07B1B1695AC005C9A1E /* Quick.framework */,
				112A4E7A1B1682CF002B3A46 /* Nimble.framework */,
				112A4E751B167FCB002B3A46 /* Quick.framework */,
				11A8163F1B0561070072B8D7 /* Box.framework */,
				11A816401B0561070072B8D7 /* Result.framework */,
				114C484A1B01A3B200463FCD /* Box.framework */,
				114C484B1B01A3B200463FCD /* Result.framework */,
			);
			name = Frameworks;
			sourceTree = "<group>";
		};
/* End PBXGroup section */

/* Begin PBXHeadersBuildPhase section */
		119B82861AFC18C0000A8BBF /* Headers */ = {
			isa = PBXHeadersBuildPhase;
			buildActionMask = 2147483647;
			files = (
				119B828F1AFC18C0000A8BBF /* Rec.h in Headers */,
			);
			runOnlyForDeploymentPostprocessing = 0;
		};
		11A816201B05609B0072B8D7 /* Headers */ = {
			isa = PBXHeadersBuildPhase;
			buildActionMask = 2147483647;
			files = (
				11A816431B0561B70072B8D7 /* Rec.h in Headers */,
			);
			runOnlyForDeploymentPostprocessing = 0;
		};
/* End PBXHeadersBuildPhase section */

/* Begin PBXNativeTarget section */
		119B82881AFC18C0000A8BBF /* Rec */ = {
			isa = PBXNativeTarget;
			buildConfigurationList = 119B829F1AFC18C0000A8BBF /* Build configuration list for PBXNativeTarget "Rec" */;
			buildPhases = (
				119B82851AFC18C0000A8BBF /* Frameworks */,
				119B82841AFC18C0000A8BBF /* Sources */,
				119B82861AFC18C0000A8BBF /* Headers */,
				119B82871AFC18C0000A8BBF /* Resources */,
				119B82DD1AFC635D000A8BBF /* Copy Carthage Dependency Frameworks */,
			);
			buildRules = (
			);
			dependencies = (
			);
			name = Rec;
			productName = Rec;
			productReference = 119B82891AFC18C0000A8BBF /* Rec.framework */;
			productType = "com.apple.product-type.framework";
		};
		119B82931AFC18C0000A8BBF /* RecTests */ = {
			isa = PBXNativeTarget;
			buildConfigurationList = 119B82A21AFC18C0000A8BBF /* Build configuration list for PBXNativeTarget "RecTests" */;
			buildPhases = (
				119B82901AFC18C0000A8BBF /* Sources */,
				119B82911AFC18C0000A8BBF /* Frameworks */,
				119B82921AFC18C0000A8BBF /* Resources */,
				111A94B71B16BE57008770DC /* CopyFiles */,
			);
			buildRules = (
			);
			dependencies = (
				119B82971AFC18C0000A8BBF /* PBXTargetDependency */,
			);
			name = RecTests;
			productName = RecTests;
			productReference = 119B82941AFC18C0000A8BBF /* RecTests.xctest */;
			productType = "com.apple.product-type.bundle.unit-test";
		};
		11A816221B05609B0072B8D7 /* Rec-OSX */ = {
			isa = PBXNativeTarget;
			buildConfigurationList = 11A8163A1B05609C0072B8D7 /* Build configuration list for PBXNativeTarget "Rec-OSX" */;
			buildPhases = (
				11A8161F1B05609B0072B8D7 /* Frameworks */,
				11A8161E1B05609B0072B8D7 /* Sources */,
				11A816201B05609B0072B8D7 /* Headers */,
				11A816211B05609B0072B8D7 /* Resources */,
				11A8163E1B0560E10072B8D7 /* Copy Carthage Dependency Frameworks */,
			);
			buildRules = (
			);
			dependencies = (
			);
			name = "Rec-OSX";
			productName = "Rec-OSX";
			productReference = 11A816231B05609B0072B8D7 /* Rec.framework */;
			productType = "com.apple.product-type.framework";
		};
		11A8162C1B05609B0072B8D7 /* Rec-OSXTests */ = {
			isa = PBXNativeTarget;
			buildConfigurationList = 11A8163B1B05609C0072B8D7 /* Build configuration list for PBXNativeTarget "Rec-OSXTests" */;
			buildPhases = (
				11A816291B05609B0072B8D7 /* Sources */,
				11A8162A1B05609B0072B8D7 /* Frameworks */,
				11A8162B1B05609B0072B8D7 /* Resources */,
			);
			buildRules = (
			);
			dependencies = (
				11A816301B05609C0072B8D7 /* PBXTargetDependency */,
			);
			name = "Rec-OSXTests";
			productName = "Rec-OSXTests";
			productReference = 11A8162D1B05609B0072B8D7 /* Rec-OSXTests.xctest */;
			productType = "com.apple.product-type.bundle.unit-test";
		};
/* End PBXNativeTarget section */

/* Begin PBXProject section */
		119B82801AFC18C0000A8BBF /* Project object */ = {
			isa = PBXProject;
			attributes = {
				LastUpgradeCheck = 0640;
				ORGANIZATIONNAME = "Esteban Torres";
				TargetAttributes = {
					119B82881AFC18C0000A8BBF = {
						CreatedOnToolsVersion = 6.4;
					};
					119B82931AFC18C0000A8BBF = {
						CreatedOnToolsVersion = 6.4;
					};
					11A816221B05609B0072B8D7 = {
						CreatedOnToolsVersion = 6.4;
					};
					11A8162C1B05609B0072B8D7 = {
						CreatedOnToolsVersion = 6.4;
					};
				};
			};
			buildConfigurationList = 119B82831AFC18C0000A8BBF /* Build configuration list for PBXProject "Rec" */;
			compatibilityVersion = "Xcode 3.2";
			developmentRegion = English;
			hasScannedForEncodings = 0;
			knownRegions = (
				en,
			);
			mainGroup = 119B827F1AFC18C0000A8BBF;
			productRefGroup = 119B828A1AFC18C0000A8BBF /* Products */;
			projectDirPath = "";
			projectRoot = "";
			targets = (
				119B82881AFC18C0000A8BBF /* Rec */,
				119B82931AFC18C0000A8BBF /* RecTests */,
				11A816221B05609B0072B8D7 /* Rec-OSX */,
				11A8162C1B05609B0072B8D7 /* Rec-OSXTests */,
			);
		};
/* End PBXProject section */

/* Begin PBXResourcesBuildPhase section */
		119B82871AFC18C0000A8BBF /* Resources */ = {
			isa = PBXResourcesBuildPhase;
			buildActionMask = 2147483647;
			files = (
			);
			runOnlyForDeploymentPostprocessing = 0;
		};
		119B82921AFC18C0000A8BBF /* Resources */ = {
			isa = PBXResourcesBuildPhase;
			buildActionMask = 2147483647;
			files = (
			);
			runOnlyForDeploymentPostprocessing = 0;
		};
		11A816211B05609B0072B8D7 /* Resources */ = {
			isa = PBXResourcesBuildPhase;
			buildActionMask = 2147483647;
			files = (
			);
			runOnlyForDeploymentPostprocessing = 0;
		};
		11A8162B1B05609B0072B8D7 /* Resources */ = {
			isa = PBXResourcesBuildPhase;
			buildActionMask = 2147483647;
			files = (
			);
			runOnlyForDeploymentPostprocessing = 0;
		};
/* End PBXResourcesBuildPhase section */

/* Begin PBXShellScriptBuildPhase section */
		119B82DD1AFC635D000A8BBF /* Copy Carthage Dependency Frameworks */ = {
			isa = PBXShellScriptBuildPhase;
			buildActionMask = 2147483647;
			files = (
			);
			inputPaths = (
			);
			name = "Copy Carthage Dependency Frameworks";
			outputPaths = (
			);
			runOnlyForDeploymentPostprocessing = 0;
			shellPath = /bin/sh;
			shellScript = "/usr/local/bin/carthage copy-frameworks ${SRCROOT}/Carthage/Build/iOS/Box.framework\n/usr/local/bin/carthage copy-frameworks ${SRCROOT}/Carthage/Build/iOS/Result.framework";
		};
		11A8163E1B0560E10072B8D7 /* Copy Carthage Dependency Frameworks */ = {
			isa = PBXShellScriptBuildPhase;
			buildActionMask = 2147483647;
			files = (
			);
			inputPaths = (
			);
			name = "Copy Carthage Dependency Frameworks";
			outputPaths = (
			);
			runOnlyForDeploymentPostprocessing = 0;
			shellPath = /bin/sh;
			shellScript = "/usr/local/bin/carthage copy-frameworks ${SRCROOT}/Carthage/Build/Mac/Box.framework\n/usr/local/bin/carthage copy-frameworks ${SRCROOT}/Carthage/Build/Mac/Result.framework";
		};
/* End PBXShellScriptBuildPhase section */

/* Begin PBXSourcesBuildPhase section */
		119B82841AFC18C0000A8BBF /* Sources */ = {
			isa = PBXSourcesBuildPhase;
			buildActionMask = 2147483647;
			files = (
				119B82A61AFC1915000A8BBF /* RecProtocol.swift in Sources */,
				119B82E31AFC6C2B000A8BBF /* Rec_NSURLSessionConfiguration.swift in Sources */,
			);
			runOnlyForDeploymentPostprocessing = 0;
		};
		119B82901AFC18C0000A8BBF /* Sources */ = {
			isa = PBXSourcesBuildPhase;
			buildActionMask = 2147483647;
			files = (
				112A4E791B168043002B3A46 /* Rect-Tests.swift in Sources */,
			);
			runOnlyForDeploymentPostprocessing = 0;
		};
		11A8161E1B05609B0072B8D7 /* Sources */ = {
			isa = PBXSourcesBuildPhase;
			buildActionMask = 2147483647;
			files = (
				11A8163C1B0560A90072B8D7 /* RecProtocol.swift in Sources */,
				11A8163D1B0560A90072B8D7 /* Rec_NSURLSessionConfiguration.swift in Sources */,
			);
			runOnlyForDeploymentPostprocessing = 0;
		};
		11A816291B05609B0072B8D7 /* Sources */ = {
			isa = PBXSourcesBuildPhase;
			buildActionMask = 2147483647;
			files = (
				116DF07A1B16955D005C9A1E /* Rect-Tests.swift in Sources */,
			);
			runOnlyForDeploymentPostprocessing = 0;
		};
/* End PBXSourcesBuildPhase section */

/* Begin PBXTargetDependency section */
		119B82971AFC18C0000A8BBF /* PBXTargetDependency */ = {
			isa = PBXTargetDependency;
			target = 119B82881AFC18C0000A8BBF /* Rec */;
			targetProxy = 119B82961AFC18C0000A8BBF /* PBXContainerItemProxy */;
		};
		11A816301B05609C0072B8D7 /* PBXTargetDependency */ = {
			isa = PBXTargetDependency;
			target = 11A816221B05609B0072B8D7 /* Rec-OSX */;
			targetProxy = 11A8162F1B05609C0072B8D7 /* PBXContainerItemProxy */;
		};
/* End PBXTargetDependency section */

/* Begin XCBuildConfiguration section */
		119B829D1AFC18C0000A8BBF /* Debug */ = {
			isa = XCBuildConfiguration;
			buildSettings = {
				ALWAYS_SEARCH_USER_PATHS = NO;
				CLANG_CXX_LANGUAGE_STANDARD = "gnu++0x";
				CLANG_CXX_LIBRARY = "libc++";
				CLANG_ENABLE_MODULES = YES;
				CLANG_ENABLE_OBJC_ARC = YES;
				CLANG_WARN_BOOL_CONVERSION = YES;
				CLANG_WARN_CONSTANT_CONVERSION = YES;
				CLANG_WARN_DIRECT_OBJC_ISA_USAGE = YES_ERROR;
				CLANG_WARN_EMPTY_BODY = YES;
				CLANG_WARN_ENUM_CONVERSION = YES;
				CLANG_WARN_INT_CONVERSION = YES;
				CLANG_WARN_OBJC_ROOT_CLASS = YES_ERROR;
				CLANG_WARN_UNREACHABLE_CODE = YES;
				CLANG_WARN__DUPLICATE_METHOD_MATCH = YES;
				"CODE_SIGN_IDENTITY[sdk=iphoneos*]" = "iPhone Developer";
				COPY_PHASE_STRIP = NO;
				CURRENT_PROJECT_VERSION = 1;
				DEBUG_INFORMATION_FORMAT = "dwarf-with-dsym";
				ENABLE_STRICT_OBJC_MSGSEND = YES;
				GCC_C_LANGUAGE_STANDARD = gnu99;
				GCC_DYNAMIC_NO_PIC = NO;
				GCC_GENERATE_TEST_COVERAGE_FILES = YES;
				GCC_INSTRUMENT_PROGRAM_FLOW_ARCS = YES;
				GCC_NO_COMMON_BLOCKS = YES;
				GCC_OPTIMIZATION_LEVEL = 0;
				GCC_PREPROCESSOR_DEFINITIONS = (
					"DEBUG=1",
					"$(inherited)",
				);
				GCC_SYMBOLS_PRIVATE_EXTERN = NO;
				GCC_WARN_64_TO_32_BIT_CONVERSION = YES;
				GCC_WARN_ABOUT_RETURN_TYPE = YES_ERROR;
				GCC_WARN_UNDECLARED_SELECTOR = YES;
				GCC_WARN_UNINITIALIZED_AUTOS = YES_AGGRESSIVE;
				GCC_WARN_UNUSED_FUNCTION = YES;
				GCC_WARN_UNUSED_VARIABLE = YES;
				IPHONEOS_DEPLOYMENT_TARGET = 8.4;
				MTL_ENABLE_DEBUG_INFO = YES;
				ONLY_ACTIVE_ARCH = YES;
				SDKROOT = iphoneos;
				SWIFT_OPTIMIZATION_LEVEL = "-Onone";
				TARGETED_DEVICE_FAMILY = "1,2";
				VERSIONING_SYSTEM = "apple-generic";
				VERSION_INFO_PREFIX = "";
			};
			name = Debug;
		};
		119B829E1AFC18C0000A8BBF /* Release */ = {
			isa = XCBuildConfiguration;
			buildSettings = {
				ALWAYS_SEARCH_USER_PATHS = NO;
				CLANG_CXX_LANGUAGE_STANDARD = "gnu++0x";
				CLANG_CXX_LIBRARY = "libc++";
				CLANG_ENABLE_MODULES = YES;
				CLANG_ENABLE_OBJC_ARC = YES;
				CLANG_WARN_BOOL_CONVERSION = YES;
				CLANG_WARN_CONSTANT_CONVERSION = YES;
				CLANG_WARN_DIRECT_OBJC_ISA_USAGE = YES_ERROR;
				CLANG_WARN_EMPTY_BODY = YES;
				CLANG_WARN_ENUM_CONVERSION = YES;
				CLANG_WARN_INT_CONVERSION = YES;
				CLANG_WARN_OBJC_ROOT_CLASS = YES_ERROR;
				CLANG_WARN_UNREACHABLE_CODE = YES;
				CLANG_WARN__DUPLICATE_METHOD_MATCH = YES;
				"CODE_SIGN_IDENTITY[sdk=iphoneos*]" = "iPhone Developer";
				COPY_PHASE_STRIP = NO;
				CURRENT_PROJECT_VERSION = 1;
				DEBUG_INFORMATION_FORMAT = "dwarf-with-dsym";
				ENABLE_NS_ASSERTIONS = NO;
				ENABLE_STRICT_OBJC_MSGSEND = YES;
				GCC_C_LANGUAGE_STANDARD = gnu99;
				GCC_GENERATE_TEST_COVERAGE_FILES = YES;
				GCC_INSTRUMENT_PROGRAM_FLOW_ARCS = YES;
				GCC_NO_COMMON_BLOCKS = YES;
				GCC_WARN_64_TO_32_BIT_CONVERSION = YES;
				GCC_WARN_ABOUT_RETURN_TYPE = YES_ERROR;
				GCC_WARN_UNDECLARED_SELECTOR = YES;
				GCC_WARN_UNINITIALIZED_AUTOS = YES_AGGRESSIVE;
				GCC_WARN_UNUSED_FUNCTION = YES;
				GCC_WARN_UNUSED_VARIABLE = YES;
				IPHONEOS_DEPLOYMENT_TARGET = 8.4;
				MTL_ENABLE_DEBUG_INFO = NO;
				SDKROOT = iphoneos;
				TARGETED_DEVICE_FAMILY = "1,2";
				VALIDATE_PRODUCT = YES;
				VERSIONING_SYSTEM = "apple-generic";
				VERSION_INFO_PREFIX = "";
			};
			name = Release;
		};
		119B82A01AFC18C0000A8BBF /* Debug */ = {
			isa = XCBuildConfiguration;
			buildSettings = {
				DEFINES_MODULE = YES;
				DYLIB_COMPATIBILITY_VERSION = 1;
				DYLIB_CURRENT_VERSION = 1;
				DYLIB_INSTALL_NAME_BASE = "@rpath";
				FRAMEWORK_SEARCH_PATHS = (
					"$(inherited)",
					"$(PROJECT_DIR)/Carthage/Build/iOS/**",
				);
				INFOPLIST_FILE = Rec/Info.plist;
				INSTALL_PATH = "$(LOCAL_LIBRARY_DIR)/Frameworks";
				IPHONEOS_DEPLOYMENT_TARGET = 8.1;
				LD_RUNPATH_SEARCH_PATHS = "$(inherited) @executable_path/Frameworks @loader_path/Frameworks";
				ONLY_ACTIVE_ARCH = NO;
				PRODUCT_NAME = "$(TARGET_NAME)";
				SKIP_INSTALL = YES;
				SWIFT_WHOLE_MODULE_OPTIMIZATION = YES;
			};
			name = Debug;
		};
		119B82A11AFC18C0000A8BBF /* Release */ = {
			isa = XCBuildConfiguration;
			buildSettings = {
				DEFINES_MODULE = YES;
				DYLIB_COMPATIBILITY_VERSION = 1;
				DYLIB_CURRENT_VERSION = 1;
				DYLIB_INSTALL_NAME_BASE = "@rpath";
				FRAMEWORK_SEARCH_PATHS = (
					"$(inherited)",
					"$(PROJECT_DIR)/Carthage/Build/iOS/**",
				);
				INFOPLIST_FILE = Rec/Info.plist;
				INSTALL_PATH = "$(LOCAL_LIBRARY_DIR)/Frameworks";
				IPHONEOS_DEPLOYMENT_TARGET = 8.1;
				LD_RUNPATH_SEARCH_PATHS = "$(inherited) @executable_path/Frameworks @loader_path/Frameworks";
				PRODUCT_NAME = "$(TARGET_NAME)";
				SKIP_INSTALL = YES;
				SWIFT_WHOLE_MODULE_OPTIMIZATION = YES;
			};
			name = Release;
		};
		119B82A31AFC18C0000A8BBF /* Debug */ = {
			isa = XCBuildConfiguration;
			buildSettings = {
				CLANG_ENABLE_MODULES = YES;
				EMBEDDED_CONTENT_CONTAINS_SWIFT = YES;
				FRAMEWORK_SEARCH_PATHS = (
					"$(SDKROOT)/Developer/Library/Frameworks",
					"$(inherited)",
					"$(PROJECT_DIR)/Carthage/Build/iOS/**",
				);
				GCC_PREPROCESSOR_DEFINITIONS = (
					"DEBUG=1",
					"$(inherited)",
				);
				INFOPLIST_FILE = RecTests/Info.plist;
				IPHONEOS_DEPLOYMENT_TARGET = 8.1;
				LD_RUNPATH_SEARCH_PATHS = "$(inherited) @executable_path/Frameworks @loader_path/Frameworks";
				PRODUCT_NAME = "$(TARGET_NAME)";
				SWIFT_OBJC_BRIDGING_HEADER = "RecTests/RecTests-Bridging-Header.h";
				SWIFT_OPTIMIZATION_LEVEL = "-Onone";
			};
			name = Debug;
		};
		119B82A41AFC18C0000A8BBF /* Release */ = {
			isa = XCBuildConfiguration;
			buildSettings = {
				CLANG_ENABLE_MODULES = YES;
				EMBEDDED_CONTENT_CONTAINS_SWIFT = YES;
				FRAMEWORK_SEARCH_PATHS = (
					"$(SDKROOT)/Developer/Library/Frameworks",
					"$(inherited)",
					"$(PROJECT_DIR)/Carthage/Build/iOS/**",
				);
				INFOPLIST_FILE = RecTests/Info.plist;
				IPHONEOS_DEPLOYMENT_TARGET = 8.1;
				LD_RUNPATH_SEARCH_PATHS = "$(inherited) @executable_path/Frameworks @loader_path/Frameworks";
				PRODUCT_NAME = "$(TARGET_NAME)";
				SWIFT_OBJC_BRIDGING_HEADER = "RecTests/RecTests-Bridging-Header.h";
			};
			name = Release;
		};
		11A816361B05609C0072B8D7 /* Debug */ = {
			isa = XCBuildConfiguration;
			buildSettings = {
				COMBINE_HIDPI_IMAGES = YES;
				DEBUG_INFORMATION_FORMAT = dwarf;
				DEFINES_MODULE = YES;
				DYLIB_COMPATIBILITY_VERSION = 1;
				DYLIB_CURRENT_VERSION = 1;
				DYLIB_INSTALL_NAME_BASE = "@rpath";
				FRAMEWORK_SEARCH_PATHS = (
					"$(inherited)",
					"$(PROJECT_DIR)/Carthage/Build/Mac/**",
				);
				FRAMEWORK_VERSION = A;
				GCC_PREPROCESSOR_DEFINITIONS = (
					"DEBUG=1",
					"$(inherited)",
				);
				INFOPLIST_FILE = "$(SRCROOT)/Rec/Info.plist";
				INSTALL_PATH = "$(LOCAL_LIBRARY_DIR)/Frameworks";
				LD_RUNPATH_SEARCH_PATHS = "$(inherited) @executable_path/../Frameworks @loader_path/Frameworks";
				MACOSX_DEPLOYMENT_TARGET = 10.10;
				ONLY_ACTIVE_ARCH = NO;
				PRODUCT_NAME = Rec;
				SDKROOT = macosx;
				SKIP_INSTALL = YES;
			};
			name = Debug;
		};
		11A816371B05609C0072B8D7 /* Release */ = {
			isa = XCBuildConfiguration;
			buildSettings = {
				COMBINE_HIDPI_IMAGES = YES;
				DEFINES_MODULE = YES;
				DYLIB_COMPATIBILITY_VERSION = 1;
				DYLIB_CURRENT_VERSION = 1;
				DYLIB_INSTALL_NAME_BASE = "@rpath";
				FRAMEWORK_SEARCH_PATHS = (
					"$(inherited)",
					"$(PROJECT_DIR)/Carthage/Build/Mac/**",
				);
				FRAMEWORK_VERSION = A;
				INFOPLIST_FILE = "$(SRCROOT)/Rec/Info.plist";
				INSTALL_PATH = "$(LOCAL_LIBRARY_DIR)/Frameworks";
				LD_RUNPATH_SEARCH_PATHS = "$(inherited) @executable_path/../Frameworks @loader_path/Frameworks";
				MACOSX_DEPLOYMENT_TARGET = 10.10;
				PRODUCT_NAME = Rec;
				SDKROOT = macosx;
				SKIP_INSTALL = YES;
			};
			name = Release;
		};
		11A816381B05609C0072B8D7 /* Debug */ = {
			isa = XCBuildConfiguration;
			buildSettings = {
				COMBINE_HIDPI_IMAGES = YES;
				DEBUG_INFORMATION_FORMAT = dwarf;
				EMBEDDED_CONTENT_CONTAINS_SWIFT = YES;
				FRAMEWORK_SEARCH_PATHS = (
					"$(DEVELOPER_FRAMEWORKS_DIR)",
					"$(inherited)",
					"$(PROJECT_DIR)/Carthage/Checkouts/Quick/build/Debug",
					"$(PROJECT_DIR)/Carthage/Checkouts/Quick/Externals/Nimble/build/Debug",
				);
				GCC_PREPROCESSOR_DEFINITIONS = (
					"DEBUG=1",
					"$(inherited)",
				);
				INFOPLIST_FILE = RecTests/Info.plist;
				LD_RUNPATH_SEARCH_PATHS = "$(inherited) @executable_path/../Frameworks @loader_path/../Frameworks";
				MACOSX_DEPLOYMENT_TARGET = 10.10;
				PRODUCT_NAME = "$(TARGET_NAME)";
				SDKROOT = macosx;
			};
			name = Debug;
		};
		11A816391B05609C0072B8D7 /* Release */ = {
			isa = XCBuildConfiguration;
			buildSettings = {
				COMBINE_HIDPI_IMAGES = YES;
				EMBEDDED_CONTENT_CONTAINS_SWIFT = YES;
				FRAMEWORK_SEARCH_PATHS = (
					"$(DEVELOPER_FRAMEWORKS_DIR)",
					"$(inherited)",
					"$(PROJECT_DIR)/Carthage/Checkouts/Quick/build/Debug",
					"$(PROJECT_DIR)/Carthage/Checkouts/Quick/Externals/Nimble/build/Debug",
				);
				INFOPLIST_FILE = RecTests/Info.plist;
				LD_RUNPATH_SEARCH_PATHS = "$(inherited) @executable_path/../Frameworks @loader_path/../Frameworks";
				MACOSX_DEPLOYMENT_TARGET = 10.10;
				PRODUCT_NAME = "$(TARGET_NAME)";
				SDKROOT = macosx;
			};
			name = Release;
		};
/* End XCBuildConfiguration section */

/* Begin XCConfigurationList section */
		119B82831AFC18C0000A8BBF /* Build configuration list for PBXProject "Rec" */ = {
			isa = XCConfigurationList;
			buildConfigurations = (
				119B829D1AFC18C0000A8BBF /* Debug */,
				119B829E1AFC18C0000A8BBF /* Release */,
			);
			defaultConfigurationIsVisible = 0;
			defaultConfigurationName = Release;
		};
		119B829F1AFC18C0000A8BBF /* Build configuration list for PBXNativeTarget "Rec" */ = {
			isa = XCConfigurationList;
			buildConfigurations = (
				119B82A01AFC18C0000A8BBF /* Debug */,
				119B82A11AFC18C0000A8BBF /* Release */,
			);
			defaultConfigurationIsVisible = 0;
			defaultConfigurationName = Release;
		};
		119B82A21AFC18C0000A8BBF /* Build configuration list for PBXNativeTarget "RecTests" */ = {
			isa = XCConfigurationList;
			buildConfigurations = (
				119B82A31AFC18C0000A8BBF /* Debug */,
				119B82A41AFC18C0000A8BBF /* Release */,
			);
			defaultConfigurationIsVisible = 0;
			defaultConfigurationName = Release;
		};
		11A8163A1B05609C0072B8D7 /* Build configuration list for PBXNativeTarget "Rec-OSX" */ = {
			isa = XCConfigurationList;
			buildConfigurations = (
				11A816361B05609C0072B8D7 /* Debug */,
				11A816371B05609C0072B8D7 /* Release */,
			);
			defaultConfigurationIsVisible = 0;
			defaultConfigurationName = Release;
		};
		11A8163B1B05609C0072B8D7 /* Build configuration list for PBXNativeTarget "Rec-OSXTests" */ = {
			isa = XCConfigurationList;
			buildConfigurations = (
				11A816381B05609C0072B8D7 /* Debug */,
				11A816391B05609C0072B8D7 /* Release */,
			);
			defaultConfigurationIsVisible = 0;
			defaultConfigurationName = Release;
		};
/* End XCConfigurationList section */
	};
	rootObject = 119B82801AFC18C0000A8BBF /* Project object */;
}
